// !$*UTF8*$!
{
	archiveVersion = 1;
	classes = {
	};
	objectVersion = 46;
	objects = {

/* Begin PBXBuildFile section */
		62E0BAFEFE3797CACC0726C5 /* Pods_Eureka.framework in Frameworks */ = {isa = PBXBuildFile; fileRef = 931EB448AF50D3AA4D14DB41 /* Pods_Eureka.framework */; };
		A32C777F1F924D1300A0ADCD /* ProfileViewController.swift in Sources */ = {isa = PBXBuildFile; fileRef = A32C777E1F924D1300A0ADCD /* ProfileViewController.swift */; };
		A32C77811F924E5200A0ADCD /* SearchViewController.swift in Sources */ = {isa = PBXBuildFile; fileRef = A32C77801F924E5200A0ADCD /* SearchViewController.swift */; };
		A32C77851F925F4200A0ADCD /* StreamsViewController.swift in Sources */ = {isa = PBXBuildFile; fileRef = A32C77841F925F4200A0ADCD /* StreamsViewController.swift */; };
		A32C77871F926A0500A0ADCD /* CreateEventViewController.swift in Sources */ = {isa = PBXBuildFile; fileRef = A32C77861F926A0500A0ADCD /* CreateEventViewController.swift */; };
		A369CF331F91CEA800A78078 /* DiscoverViewController.swift in Sources */ = {isa = PBXBuildFile; fileRef = A369CF321F91CEA800A78078 /* DiscoverViewController.swift */; };
		A369CF351F91D83800A78078 /* EventComponent.swift in Sources */ = {isa = PBXBuildFile; fileRef = A369CF341F91D83800A78078 /* EventComponent.swift */; };
		A369CF371F91E02C00A78078 /* Event.swift in Sources */ = {isa = PBXBuildFile; fileRef = A369CF361F91E02C00A78078 /* Event.swift */; };
		A38361DE1F90B90600731753 /* AppDelegate.swift in Sources */ = {isa = PBXBuildFile; fileRef = A38361DD1F90B90600731753 /* AppDelegate.swift */; };
		A38361E01F90B90600731753 /* ViewController.swift in Sources */ = {isa = PBXBuildFile; fileRef = A38361DF1F90B90600731753 /* ViewController.swift */; };
		A38361E31F90B90600731753 /* Main.storyboard in Resources */ = {isa = PBXBuildFile; fileRef = A38361E11F90B90600731753 /* Main.storyboard */; };
		A38361E61F90B90600731753 /* Eureka.xcdatamodeld in Sources */ = {isa = PBXBuildFile; fileRef = A38361E41F90B90600731753 /* Eureka.xcdatamodeld */; };
		A38361E81F90B90600731753 /* Assets.xcassets in Resources */ = {isa = PBXBuildFile; fileRef = A38361E71F90B90600731753 /* Assets.xcassets */; };
		A38361EB1F90B90600731753 /* LaunchScreen.storyboard in Resources */ = {isa = PBXBuildFile; fileRef = A38361E91F90B90600731753 /* LaunchScreen.storyboard */; };
/* End PBXBuildFile section */

/* Begin PBXFileReference section */
		931EB448AF50D3AA4D14DB41 /* Pods_Eureka.framework */ = {isa = PBXFileReference; explicitFileType = wrapper.framework; includeInIndex = 0; path = Pods_Eureka.framework; sourceTree = BUILT_PRODUCTS_DIR; };
		9AED5292E7DE8FB73AE9C71C /* Pods-Eureka.release.xcconfig */ = {isa = PBXFileReference; includeInIndex = 1; lastKnownFileType = text.xcconfig; name = "Pods-Eureka.release.xcconfig"; path = "Pods/Target Support Files/Pods-Eureka/Pods-Eureka.release.xcconfig"; sourceTree = "<group>"; };
		A32C777E1F924D1300A0ADCD /* ProfileViewController.swift */ = {isa = PBXFileReference; fileEncoding = 4; lastKnownFileType = sourcecode.swift; path = ProfileViewController.swift; sourceTree = "<group>"; };
		A32C77801F924E5200A0ADCD /* SearchViewController.swift */ = {isa = PBXFileReference; fileEncoding = 4; lastKnownFileType = sourcecode.swift; path = SearchViewController.swift; sourceTree = "<group>"; };
		A32C77841F925F4200A0ADCD /* StreamsViewController.swift */ = {isa = PBXFileReference; fileEncoding = 4; lastKnownFileType = sourcecode.swift; path = StreamsViewController.swift; sourceTree = "<group>"; };
		A32C77861F926A0500A0ADCD /* CreateEventViewController.swift */ = {isa = PBXFileReference; fileEncoding = 4; lastKnownFileType = sourcecode.swift; path = CreateEventViewController.swift; sourceTree = "<group>"; };
		A369CF321F91CEA800A78078 /* DiscoverViewController.swift */ = {isa = PBXFileReference; fileEncoding = 4; lastKnownFileType = sourcecode.swift; path = DiscoverViewController.swift; sourceTree = "<group>"; };
		A369CF341F91D83800A78078 /* EventComponent.swift */ = {isa = PBXFileReference; fileEncoding = 4; lastKnownFileType = sourcecode.swift; path = EventComponent.swift; sourceTree = "<group>"; };
		A369CF361F91E02C00A78078 /* Event.swift */ = {isa = PBXFileReference; fileEncoding = 4; lastKnownFileType = sourcecode.swift; path = Event.swift; sourceTree = "<group>"; };
		A38361DA1F90B90600731753 /* Eureka.app */ = {isa = PBXFileReference; explicitFileType = wrapper.application; includeInIndex = 0; path = Eureka.app; sourceTree = BUILT_PRODUCTS_DIR; };
		A38361DD1F90B90600731753 /* AppDelegate.swift */ = {isa = PBXFileReference; lastKnownFileType = sourcecode.swift; path = AppDelegate.swift; sourceTree = "<group>"; };
		A38361DF1F90B90600731753 /* ViewController.swift */ = {isa = PBXFileReference; lastKnownFileType = sourcecode.swift; path = ViewController.swift; sourceTree = "<group>"; };
		A38361E21F90B90600731753 /* Base */ = {isa = PBXFileReference; lastKnownFileType = file.storyboard; name = Base; path = Base.lproj/Main.storyboard; sourceTree = "<group>"; };
		A38361E51F90B90600731753 /* Eureka.xcdatamodel */ = {isa = PBXFileReference; lastKnownFileType = wrapper.xcdatamodel; path = Eureka.xcdatamodel; sourceTree = "<group>"; };
		A38361E71F90B90600731753 /* Assets.xcassets */ = {isa = PBXFileReference; lastKnownFileType = folder.assetcatalog; path = Assets.xcassets; sourceTree = "<group>"; };
		A38361EA1F90B90600731753 /* Base */ = {isa = PBXFileReference; lastKnownFileType = file.storyboard; name = Base; path = Base.lproj/LaunchScreen.storyboard; sourceTree = "<group>"; };
		A38361EC1F90B90600731753 /* Info.plist */ = {isa = PBXFileReference; lastKnownFileType = text.plist.xml; path = Info.plist; sourceTree = "<group>"; };
		BD307A5EDED73F0772650B24 /* Pods-Eureka.debug.xcconfig */ = {isa = PBXFileReference; includeInIndex = 1; lastKnownFileType = text.xcconfig; name = "Pods-Eureka.debug.xcconfig"; path = "Pods/Target Support Files/Pods-Eureka/Pods-Eureka.debug.xcconfig"; sourceTree = "<group>"; };
/* End PBXFileReference section */

/* Begin PBXFrameworksBuildPhase section */
		A38361D71F90B90600731753 /* Frameworks */ = {
			isa = PBXFrameworksBuildPhase;
			buildActionMask = 2147483647;
			files = (
				62E0BAFEFE3797CACC0726C5 /* Pods_Eureka.framework in Frameworks */,
			);
			runOnlyForDeploymentPostprocessing = 0;
		};
/* End PBXFrameworksBuildPhase section */

/* Begin PBXGroup section */
		7B2EF23ACFF93BF53D12B7BB /* Pods */ = {
			isa = PBXGroup;
			children = (
				BD307A5EDED73F0772650B24 /* Pods-Eureka.debug.xcconfig */,
				9AED5292E7DE8FB73AE9C71C /* Pods-Eureka.release.xcconfig */,
			);
			name = Pods;
			sourceTree = "<group>";
		};
		A38361D11F90B90600731753 = {
			isa = PBXGroup;
			children = (
				A38361DC1F90B90600731753 /* Eureka */,
				A38361DB1F90B90600731753 /* Products */,
				7B2EF23ACFF93BF53D12B7BB /* Pods */,
				EA194B8EB542F53A0B6C74D6 /* Frameworks */,
			);
			sourceTree = "<group>";
		};
		A38361DB1F90B90600731753 /* Products */ = {
			isa = PBXGroup;
			children = (
				A38361DA1F90B90600731753 /* Eureka.app */,
			);
			name = Products;
			sourceTree = "<group>";
		};
		A38361DC1F90B90600731753 /* Eureka */ = {
			isa = PBXGroup;
			children = (
				A38361DD1F90B90600731753 /* AppDelegate.swift */,
				A369CF341F91D83800A78078 /* EventComponent.swift */,
				A369CF321F91CEA800A78078 /* DiscoverViewController.swift */,
				A32C77801F924E5200A0ADCD /* SearchViewController.swift */,
				A32C77841F925F4200A0ADCD /* StreamsViewController.swift */,
				A32C777E1F924D1300A0ADCD /* ProfileViewController.swift */,
				A32C77861F926A0500A0ADCD /* CreateEventViewController.swift */,
				A38361DF1F90B90600731753 /* ViewController.swift */,
				A38361E11F90B90600731753 /* Main.storyboard */,
				A38361E71F90B90600731753 /* Assets.xcassets */,
				A38361E91F90B90600731753 /* LaunchScreen.storyboard */,
				A38361EC1F90B90600731753 /* Info.plist */,
				A38361E41F90B90600731753 /* Eureka.xcdatamodeld */,
				A369CF361F91E02C00A78078 /* Event.swift */,
			);
			path = Eureka;
			sourceTree = "<group>";
		};
		EA194B8EB542F53A0B6C74D6 /* Frameworks */ = {
			isa = PBXGroup;
			children = (
				931EB448AF50D3AA4D14DB41 /* Pods_Eureka.framework */,
			);
			name = Frameworks;
			sourceTree = "<group>";
		};
/* End PBXGroup section */

/* Begin PBXNativeTarget section */
		A38361D91F90B90600731753 /* Eureka */ = {
			isa = PBXNativeTarget;
			buildConfigurationList = A38361EF1F90B90600731753 /* Build configuration list for PBXNativeTarget "Eureka" */;
			buildPhases = (
				FBAF0529C1B4B37F1242388A /* [CP] Check Pods Manifest.lock */,
				A38361D61F90B90600731753 /* Sources */,
				A38361D71F90B90600731753 /* Frameworks */,
				A38361D81F90B90600731753 /* Resources */,
				6B3AF9A378C821BE05D4AF2A /* [CP] Embed Pods Frameworks */,
				D76DCC82D169E7B8B2302FE1 /* [CP] Copy Pods Resources */,
			);
			buildRules = (
			);
			dependencies = (
			);
			name = Eureka;
			productName = Eureka;
			productReference = A38361DA1F90B90600731753 /* Eureka.app */;
			productType = "com.apple.product-type.application";
		};
/* End PBXNativeTarget section */

/* Begin PBXProject section */
		A38361D21F90B90600731753 /* Project object */ = {
			isa = PBXProject;
			attributes = {
				LastSwiftUpdateCheck = 0830;
				LastUpgradeCheck = 0830;
				ORGANIZATIONNAME = "Jugend hackt";
				TargetAttributes = {
					A38361D91F90B90600731753 = {
						CreatedOnToolsVersion = 8.3.3;
						ProvisioningStyle = Automatic;
					};
				};
			};
			buildConfigurationList = A38361D51F90B90600731753 /* Build configuration list for PBXProject "Eureka" */;
			compatibilityVersion = "Xcode 3.2";
			developmentRegion = English;
			hasScannedForEncodings = 0;
			knownRegions = (
				en,
				Base,
			);
			mainGroup = A38361D11F90B90600731753;
			productRefGroup = A38361DB1F90B90600731753 /* Products */;
			projectDirPath = "";
			projectRoot = "";
			targets = (
				A38361D91F90B90600731753 /* Eureka */,
			);
		};
/* End PBXProject section */

/* Begin PBXResourcesBuildPhase section */
		A38361D81F90B90600731753 /* Resources */ = {
			isa = PBXResourcesBuildPhase;
			buildActionMask = 2147483647;
			files = (
				A38361EB1F90B90600731753 /* LaunchScreen.storyboard in Resources */,
				A38361E81F90B90600731753 /* Assets.xcassets in Resources */,
				A38361E31F90B90600731753 /* Main.storyboard in Resources */,
			);
			runOnlyForDeploymentPostprocessing = 0;
		};
/* End PBXResourcesBuildPhase section */

/* Begin PBXShellScriptBuildPhase section */
		6B3AF9A378C821BE05D4AF2A /* [CP] Embed Pods Frameworks */ = {
			isa = PBXShellScriptBuildPhase;
			buildActionMask = 2147483647;
			files = (
			);
			inputPaths = (
				"${SRCROOT}/Pods/Target Support Files/Pods-Eureka/Pods-Eureka-frameworks.sh",
				"${BUILT_PRODUCTS_DIR}/Apollo/Apollo.framework",
			);
			name = "[CP] Embed Pods Frameworks";
			outputPaths = (
				"${TARGET_BUILD_DIR}/${FRAMEWORKS_FOLDER_PATH}/Apollo.framework",
			);
			runOnlyForDeploymentPostprocessing = 0;
			shellPath = /bin/sh;
			shellScript = "\"${SRCROOT}/Pods/Target Support Files/Pods-Eureka/Pods-Eureka-frameworks.sh\"\n";
			showEnvVarsInLog = 0;
		};
		D76DCC82D169E7B8B2302FE1 /* [CP] Copy Pods Resources */ = {
			isa = PBXShellScriptBuildPhase;
			buildActionMask = 2147483647;
			files = (
			);
			inputPaths = (
			);
			name = "[CP] Copy Pods Resources";
			outputPaths = (
			);
			runOnlyForDeploymentPostprocessing = 0;
			shellPath = /bin/sh;
			shellScript = "\"${SRCROOT}/Pods/Target Support Files/Pods-Eureka/Pods-Eureka-resources.sh\"\n";
			showEnvVarsInLog = 0;
		};
		FBAF0529C1B4B37F1242388A /* [CP] Check Pods Manifest.lock */ = {
			isa = PBXShellScriptBuildPhase;
			buildActionMask = 2147483647;
			files = (
			);
			inputPaths = (
				"${PODS_PODFILE_DIR_PATH}/Podfile.lock",
				"${PODS_ROOT}/Manifest.lock",
			);
			name = "[CP] Check Pods Manifest.lock";
			outputPaths = (
				"$(DERIVED_FILE_DIR)/Pods-Eureka-checkManifestLockResult.txt",
			);
			runOnlyForDeploymentPostprocessing = 0;
			shellPath = /bin/sh;
			shellScript = "diff \"${PODS_PODFILE_DIR_PATH}/Podfile.lock\" \"${PODS_ROOT}/Manifest.lock\" > /dev/null\nif [ $? != 0 ] ; then\n    # print error to STDERR\n    echo \"error: The sandbox is not in sync with the Podfile.lock. Run 'pod install' or update your CocoaPods installation.\" >&2\n    exit 1\nfi\n# This output is used by Xcode 'outputs' to avoid re-running this script phase.\necho \"SUCCESS\" > \"${SCRIPT_OUTPUT_FILE_0}\"\n";
			showEnvVarsInLog = 0;
		};
/* End PBXShellScriptBuildPhase section */

/* Begin PBXSourcesBuildPhase section */
		A38361D61F90B90600731753 /* Sources */ = {
			isa = PBXSourcesBuildPhase;
			buildActionMask = 2147483647;
			files = (
				A369CF351F91D83800A78078 /* EventComponent.swift in Sources */,
				A38361E61F90B90600731753 /* Eureka.xcdatamodeld in Sources */,
				A32C77811F924E5200A0ADCD /* SearchViewController.swift in Sources */,
				A369CF331F91CEA800A78078 /* DiscoverViewController.swift in Sources */,
				A38361E01F90B90600731753 /* ViewController.swift in Sources */,
				A32C777F1F924D1300A0ADCD /* ProfileViewController.swift in Sources */,
				A32C77871F926A0500A0ADCD /* CreateEventViewController.swift in Sources */,
				A369CF371F91E02C00A78078 /* Event.swift in Sources */,
				A32C77851F925F4200A0ADCD /* StreamsViewController.swift in Sources */,
				A38361DE1F90B90600731753 /* AppDelegate.swift in Sources */,
			);
			runOnlyForDeploymentPostprocessing = 0;
		};
/* End PBXSourcesBuildPhase section */

/* Begin PBXVariantGroup section */
		A38361E11F90B90600731753 /* Main.storyboard */ = {
			isa = PBXVariantGroup;
			children = (
				A38361E21F90B90600731753 /* Base */,
			);
			name = Main.storyboard;
			sourceTree = "<group>";
		};
		A38361E91F90B90600731753 /* LaunchScreen.storyboard */ = {
			isa = PBXVariantGroup;
			children = (
				A38361EA1F90B90600731753 /* Base */,
			);
			name = LaunchScreen.storyboard;
			sourceTree = "<group>";
		};
/* End PBXVariantGroup section */

/* Begin XCBuildConfiguration section */
		A38361ED1F90B90600731753 /* Debug */ = {
			isa = XCBuildConfiguration;
			buildSettings = {
				ALWAYS_SEARCH_USER_PATHS = NO;
				CLANG_ANALYZER_NONNULL = YES;
				CLANG_ANALYZER_NUMBER_OBJECT_CONVERSION = YES_AGGRESSIVE;
				CLANG_CXX_LANGUAGE_STANDARD = "gnu++0x";
				CLANG_CXX_LIBRARY = "libc++";
				CLANG_ENABLE_MODULES = YES;
				CLANG_ENABLE_OBJC_ARC = YES;
				CLANG_WARN_BOOL_CONVERSION = YES;
				CLANG_WARN_CONSTANT_CONVERSION = YES;
				CLANG_WARN_DIRECT_OBJC_ISA_USAGE = YES_ERROR;
				CLANG_WARN_DOCUMENTATION_COMMENTS = YES;
				CLANG_WARN_EMPTY_BODY = YES;
				CLANG_WARN_ENUM_CONVERSION = YES;
				CLANG_WARN_INFINITE_RECURSION = YES;
				CLANG_WARN_INT_CONVERSION = YES;
				CLANG_WARN_OBJC_ROOT_CLASS = YES_ERROR;
				CLANG_WARN_SUSPICIOUS_MOVE = YES;
				CLANG_WARN_UNREACHABLE_CODE = YES;
				CLANG_WARN__DUPLICATE_METHOD_MATCH = YES;
				"CODE_SIGN_IDENTITY[sdk=iphoneos*]" = "iPhone Developer";
				COPY_PHASE_STRIP = NO;
				DEBUG_INFORMATION_FORMAT = dwarf;
				ENABLE_STRICT_OBJC_MSGSEND = YES;
				ENABLE_TESTABILITY = YES;
				GCC_C_LANGUAGE_STANDARD = gnu99;
				GCC_DYNAMIC_NO_PIC = NO;
				GCC_NO_COMMON_BLOCKS = YES;
				GCC_OPTIMIZATION_LEVEL = 0;
				GCC_PREPROCESSOR_DEFINITIONS = (
					"DEBUG=1",
					"$(inherited)",
				);
				GCC_WARN_64_TO_32_BIT_CONVERSION = YES;
				GCC_WARN_ABOUT_RETURN_TYPE = YES_ERROR;
				GCC_WARN_UNDECLARED_SELECTOR = YES;
				GCC_WARN_UNINITIALIZED_AUTOS = YES_AGGRESSIVE;
				GCC_WARN_UNUSED_FUNCTION = YES;
				GCC_WARN_UNUSED_VARIABLE = YES;
				IPHONEOS_DEPLOYMENT_TARGET = 10.3;
				MTL_ENABLE_DEBUG_INFO = YES;
				ONLY_ACTIVE_ARCH = YES;
				SDKROOT = iphoneos;
				SWIFT_ACTIVE_COMPILATION_CONDITIONS = DEBUG;
				SWIFT_OPTIMIZATION_LEVEL = "-Onone";
			};
			name = Debug;
		};
		A38361EE1F90B90600731753 /* Release */ = {
			isa = XCBuildConfiguration;
			buildSettings = {
				ALWAYS_SEARCH_USER_PATHS = NO;
				CLANG_ANALYZER_NONNULL = YES;
				CLANG_ANALYZER_NUMBER_OBJECT_CONVERSION = YES_AGGRESSIVE;
				CLANG_CXX_LANGUAGE_STANDARD = "gnu++0x";
				CLANG_CXX_LIBRARY = "libc++";
				CLANG_ENABLE_MODULES = YES;
				CLANG_ENABLE_OBJC_ARC = YES;
				CLANG_WARN_BOOL_CONVERSION = YES;
				CLANG_WARN_CONSTANT_CONVERSION = YES;
				CLANG_WARN_DIRECT_OBJC_ISA_USAGE = YES_ERROR;
				CLANG_WARN_DOCUMENTATION_COMMENTS = YES;
				CLANG_WARN_EMPTY_BODY = YES;
				CLANG_WARN_ENUM_CONVERSION = YES;
				CLANG_WARN_INFINITE_RECURSION = YES;
				CLANG_WARN_INT_CONVERSION = YES;
				CLANG_WARN_OBJC_ROOT_CLASS = YES_ERROR;
				CLANG_WARN_SUSPICIOUS_MOVE = YES;
				CLANG_WARN_UNREACHABLE_CODE = YES;
				CLANG_WARN__DUPLICATE_METHOD_MATCH = YES;
				"CODE_SIGN_IDENTITY[sdk=iphoneos*]" = "iPhone Developer";
				COPY_PHASE_STRIP = NO;
				DEBUG_INFORMATION_FORMAT = "dwarf-with-dsym";
				ENABLE_NS_ASSERTIONS = NO;
				ENABLE_STRICT_OBJC_MSGSEND = YES;
				GCC_C_LANGUAGE_STANDARD = gnu99;
				GCC_NO_COMMON_BLOCKS = YES;
				GCC_WARN_64_TO_32_BIT_CONVERSION = YES;
				GCC_WARN_ABOUT_RETURN_TYPE = YES_ERROR;
				GCC_WARN_UNDECLARED_SELECTOR = YES;
				GCC_WARN_UNINITIALIZED_AUTOS = YES_AGGRESSIVE;
				GCC_WARN_UNUSED_FUNCTION = YES;
				GCC_WARN_UNUSED_VARIABLE = YES;
				IPHONEOS_DEPLOYMENT_TARGET = 10.3;
				MTL_ENABLE_DEBUG_INFO = NO;
				SDKROOT = iphoneos;
				SWIFT_OPTIMIZATION_LEVEL = "-Owholemodule";
				VALIDATE_PRODUCT = YES;
			};
			name = Release;
		};
		A38361F01F90B90600731753 /* Debug */ = {
			isa = XCBuildConfiguration;
			baseConfigurationReference = BD307A5EDED73F0772650B24 /* Pods-Eureka.debug.xcconfig */;
			buildSettings = {
				ASSETCATALOG_COMPILER_APPICON_NAME = AppIcon;
				INFOPLIST_FILE = Eureka/Info.plist;
				LD_RUNPATH_SEARCH_PATHS = "$(inherited) @executable_path/Frameworks";
				PRODUCT_BUNDLE_IDENTIFIER = de.jugendhackt.Eureka;
				PRODUCT_NAME = "$(TARGET_NAME)";
				SWIFT_VERSION = 3.0;
			};
			name = Debug;
		};
		A38361F11F90B90600731753 /* Release */ = {
			isa = XCBuildConfiguration;
			baseConfigurationReference = 9AED5292E7DE8FB73AE9C71C /* Pods-Eureka.release.xcconfig */;
			buildSettings = {
				ASSETCATALOG_COMPILER_APPICON_NAME = AppIcon;
				INFOPLIST_FILE = Eureka/Info.plist;
				LD_RUNPATH_SEARCH_PATHS = "$(inherited) @executable_path/Frameworks";
				PRODUCT_BUNDLE_IDENTIFIER = de.jugendhackt.Eureka;
				PRODUCT_NAME = "$(TARGET_NAME)";
				SWIFT_VERSION = 3.0;
			};
			name = Release;
		};
/* End XCBuildConfiguration section */

/* Begin XCConfigurationList section */
		A38361D51F90B90600731753 /* Build configuration list for PBXProject "Eureka" */ = {
			isa = XCConfigurationList;
			buildConfigurations = (
				A38361ED1F90B90600731753 /* Debug */,
				A38361EE1F90B90600731753 /* Release */,
			);
			defaultConfigurationIsVisible = 0;
			defaultConfigurationName = Release;
		};
		A38361EF1F90B90600731753 /* Build configuration list for PBXNativeTarget "Eureka" */ = {
			isa = XCConfigurationList;
			buildConfigurations = (
				A38361F01F90B90600731753 /* Debug */,
				A38361F11F90B90600731753 /* Release */,
			);
			defaultConfigurationIsVisible = 0;
			defaultConfigurationName = Release;
		};
/* End XCConfigurationList section */

/* Begin XCVersionGroup section */
		A38361E41F90B90600731753 /* Eureka.xcdatamodeld */ = {
			isa = XCVersionGroup;
			children = (
				A38361E51F90B90600731753 /* Eureka.xcdatamodel */,
			);
			currentVersion = A38361E51F90B90600731753 /* Eureka.xcdatamodel */;
			path = Eureka.xcdatamodeld;
			sourceTree = "<group>";
			versionGroupType = wrapper.xcdatamodel;
		};
/* End XCVersionGroup section */
	};
	rootObject = A38361D21F90B90600731753 /* Project object */;
}
